
Microsoft Visual Studio Solution File, Format Version 12.00
# Visual Studio Version 16
VisualStudioVersion = 16.0.30621.155
MinimumVisualStudioVersion = 10.0.40219.1
Project("{FAE04EC0-301F-11D3-BF4B-00C04F79EFBC}") = "ServerHandler", "ServerHandler\ServerHandler.csproj", "{0AEC1916-3E49-429B-AB0E-0A75F3257229}"
EndProject
Global
	GlobalSection(SolutionConfigurationPlatforms) = preSolution
		Debug|Any CPU = Debug|Any CPU
		Release|Any CPU = Release|Any CPU
	EndGlobalSection
	GlobalSection(ProjectConfigurationPlatforms) = postSolution
		{0AEC1916-3E49-429B-AB0E-0A75F3257229}.Debug|Any CPU.ActiveCfg = Debug|Any CPU
		{0AEC1916-3E49-429B-AB0E-0A75F3257229}.Debug|Any CPU.Build.0 = Debug|Any CPU
		{0AEC1916-3E49-429B-AB0E-0A75F3257229}.Release|Any CPU.ActiveCfg = Release|Any CPU
		{0AEC1916-3E49-429B-AB0E-0A75F3257229}.Release|Any CPU.Build.0 = Release|Any CPU
	EndGlobalSection
	GlobalSection(SolutionProperties) = preSolution
		HideSolutionNode = FALSE
	EndGlobalSection
	GlobalSection(ExtensibilityGlobals) = postSolution
		SolutionGuid = {082EC01F-0A6B-44A1-82DA-3B5E84585BD2}
	EndGlobalSection
EndGlobal
